
Microsoft Visual Studio Solution File, Format Version 12.00
# Visual Studio Version 17
VisualStudioVersion = 17.0.32126.317
MinimumVisualStudioVersion = 10.0.40219.1
Project("{9A19103F-16F7-4668-BE54-9A1E7A4F7556}") = "CentralSecurityService.Administration.WebSite", "CentralSecurityService.Administration.WebSite\CentralSecurityService.Administration.WebSite.csproj", "{2EC054FF-931B-4224-B6BA-849469DF73C3}"
EndProject
Global
	GlobalSection(SolutionConfigurationPlatforms) = preSolution
		Debug|Any CPU = Debug|Any CPU
		Release|Any CPU = Release|Any CPU
	EndGlobalSection
	GlobalSection(ProjectConfigurationPlatforms) = postSolution
		{2EC054FF-931B-4224-B6BA-849469DF73C3}.Debug|Any CPU.ActiveCfg = Debug|Any CPU
		{2EC054FF-931B-4224-B6BA-849469DF73C3}.Debug|Any CPU.Build.0 = Debug|Any CPU
		{2EC054FF-931B-4224-B6BA-849469DF73C3}.Release|Any CPU.ActiveCfg = Release|Any CPU
		{2EC054FF-931B-4224-B6BA-849469DF73C3}.Release|Any CPU.Build.0 = Release|Any CPU
	EndGlobalSection
	GlobalSection(SolutionProperties) = preSolution
		HideSolutionNode = FALSE
	EndGlobalSection
	GlobalSection(ExtensibilityGlobals) = postSolution
		SolutionGuid = {B05DF7C9-B61C-4856-A81C-D6B525AC4E69}
	EndGlobalSection
EndGlobal
